// !$*UTF8*$!
{
	archiveVersion = 1;
	classes = {
	};
	objectVersion = 46;
	objects = {

/* Begin PBXBuildFile section */
		467F93BA1AA263D300344F15 /* main.m in Sources */ = {isa = PBXBuildFile; fileRef = 467F93B91AA263D300344F15 /* main.m */; };
		467F93BD1AA263D300344F15 /* AppDelegate.m in Sources */ = {isa = PBXBuildFile; fileRef = 467F93BC1AA263D300344F15 /* AppDelegate.m */; };
		467F93C01AA263D300344F15 /* ViewController.m in Sources */ = {isa = PBXBuildFile; fileRef = 467F93BF1AA263D300344F15 /* ViewController.m */; };
		467F93C31AA263D300344F15 /* Main.storyboard in Resources */ = {isa = PBXBuildFile; fileRef = 467F93C11AA263D300344F15 /* Main.storyboard */; };
		467F93C51AA263D300344F15 /* Images.xcassets in Resources */ = {isa = PBXBuildFile; fileRef = 467F93C41AA263D300344F15 /* Images.xcassets */; };
		467F93C81AA263D300344F15 /* LaunchScreen.xib in Resources */ = {isa = PBXBuildFile; fileRef = 467F93C61AA263D300344F15 /* LaunchScreen.xib */; };
		467F93D41AA263D300344F15 /* iceSheetsTests.m in Sources */ = {isa = PBXBuildFile; fileRef = 467F93D31AA263D300344F15 /* iceSheetsTests.m */; };
/* End PBXBuildFile section */

/* Begin PBXContainerItemProxy section */
		467F93CE1AA263D300344F15 /* PBXContainerItemProxy */ = {
			isa = PBXContainerItemProxy;
			containerPortal = 467F93AC1AA263D300344F15 /* Project object */;
			proxyType = 1;
			remoteGlobalIDString = 467F93B31AA263D300344F15;
			remoteInfo = iceSheets;
		};
/* End PBXContainerItemProxy section */

/* Begin PBXFileReference section */
		467F93B41AA263D300344F15 /* iceSheets.app */ = {isa = PBXFileReference; explicitFileType = wrapper.application; includeInIndex = 0; path = iceSheets.app; sourceTree = BUILT_PRODUCTS_DIR; };
		467F93B81AA263D300344F15 /* Info.plist */ = {isa = PBXFileReference; lastKnownFileType = text.plist.xml; path = Info.plist; sourceTree = "<group>"; };
		467F93B91AA263D300344F15 /* main.m */ = {isa = PBXFileReference; lastKnownFileType = sourcecode.c.objc; path = main.m; sourceTree = "<group>"; };
		467F93BB1AA263D300344F15 /* AppDelegate.h */ = {isa = PBXFileReference; lastKnownFileType = sourcecode.c.h; path = AppDelegate.h; sourceTree = "<group>"; };
		467F93BC1AA263D300344F15 /* AppDelegate.m */ = {isa = PBXFileReference; lastKnownFileType = sourcecode.c.objc; path = AppDelegate.m; sourceTree = "<group>"; };
		467F93BE1AA263D300344F15 /* ViewController.h */ = {isa = PBXFileReference; lastKnownFileType = sourcecode.c.h; path = ViewController.h; sourceTree = "<group>"; };
		467F93BF1AA263D300344F15 /* ViewController.m */ = {isa = PBXFileReference; lastKnownFileType = sourcecode.c.objc; path = ViewController.m; sourceTree = "<group>"; };
		467F93C21AA263D300344F15 /* Base */ = {isa = PBXFileReference; lastKnownFileType = file.storyboard; name = Base; path = Base.lproj/Main.storyboard; sourceTree = "<group>"; };
		467F93C41AA263D300344F15 /* Images.xcassets */ = {isa = PBXFileReference; lastKnownFileType = folder.assetcatalog; path = Images.xcassets; sourceTree = "<group>"; };
		467F93C71AA263D300344F15 /* Base */ = {isa = PBXFileReference; lastKnownFileType = file.xib; name = Base; path = Base.lproj/LaunchScreen.xib; sourceTree = "<group>"; };
		467F93CD1AA263D300344F15 /* iceSheetsTests.xctest */ = {isa = PBXFileReference; explicitFileType = wrapper.cfbundle; includeInIndex = 0; path = iceSheetsTests.xctest; sourceTree = BUILT_PRODUCTS_DIR; };
		467F93D21AA263D300344F15 /* Info.plist */ = {isa = PBXFileReference; lastKnownFileType = text.plist.xml; path = Info.plist; sourceTree = "<group>"; };
		467F93D31AA263D300344F15 /* iceSheetsTests.m */ = {isa = PBXFileReference; lastKnownFileType = sourcecode.c.objc; path = iceSheetsTests.m; sourceTree = "<group>"; };
/* End PBXFileReference section */

/* Begin PBXFrameworksBuildPhase section */
		467F93B11AA263D300344F15 /* Frameworks */ = {
			isa = PBXFrameworksBuildPhase;
			buildActionMask = 2147483647;
			files = (
			);
			runOnlyForDeploymentPostprocessing = 0;
		};
		467F93CA1AA263D300344F15 /* Frameworks */ = {
			isa = PBXFrameworksBuildPhase;
			buildActionMask = 2147483647;
			files = (
			);
			runOnlyForDeploymentPostprocessing = 0;
		};
/* End PBXFrameworksBuildPhase section */

/* Begin PBXGroup section */
		467F93AB1AA263D300344F15 = {
			isa = PBXGroup;
			children = (
				467F93B61AA263D300344F15 /* iceSheets */,
				467F93D01AA263D300344F15 /* iceSheetsTests */,
				467F93B51AA263D300344F15 /* Products */,
			);
			sourceTree = "<group>";
		};
		467F93B51AA263D300344F15 /* Products */ = {
			isa = PBXGroup;
			children = (
				467F93B41AA263D300344F15 /* iceSheets.app */,
				467F93CD1AA263D300344F15 /* iceSheetsTests.xctest */,
			);
			name = Products;
			sourceTree = "<group>";
		};
		467F93B61AA263D300344F15 /* iceSheets */ = {
			isa = PBXGroup;
			children = (
				467F93BB1AA263D300344F15 /* AppDelegate.h */,
				467F93BC1AA263D300344F15 /* AppDelegate.m */,
				467F93BE1AA263D300344F15 /* ViewController.h */,
				467F93BF1AA263D300344F15 /* ViewController.m */,
				467F93C11AA263D300344F15 /* Main.storyboard */,
				467F93C41AA263D300344F15 /* Images.xcassets */,
				467F93C61AA263D300344F15 /* LaunchScreen.xib */,
				467F93B71AA263D300344F15 /* Supporting Files */,
			);
			path = iceSheets;
			sourceTree = "<group>";
		};
		467F93B71AA263D300344F15 /* Supporting Files */ = {
			isa = PBXGroup;
			children = (
				467F93B81AA263D300344F15 /* Info.plist */,
				467F93B91AA263D300344F15 /* main.m */,
			);
			name = "Supporting Files";
			sourceTree = "<group>";
		};
		467F93D01AA263D300344F15 /* iceSheetsTests */ = {
			isa = PBXGroup;
			children = (
				467F93D31AA263D300344F15 /* iceSheetsTests.m */,
				467F93D11AA263D300344F15 /* Supporting Files */,
			);
			path = iceSheetsTests;
			sourceTree = "<group>";
		};
		467F93D11AA263D300344F15 /* Supporting Files */ = {
			isa = PBXGroup;
			children = (
				467F93D21AA263D300344F15 /* Info.plist */,
			);
			name = "Supporting Files";
			sourceTree = "<group>";
		};
/* End PBXGroup section */

/* Begin PBXNativeTarget section */
		467F93B31AA263D300344F15 /* iceSheets */ = {
			isa = PBXNativeTarget;
			buildConfigurationList = 467F93D71AA263D300344F15 /* Build configuration list for PBXNativeTarget "iceSheets" */;
			buildPhases = (
				467F93B01AA263D300344F15 /* Sources */,
				467F93B11AA263D300344F15 /* Frameworks */,
				467F93B21AA263D300344F15 /* Resources */,
			);
			buildRules = (
			);
			dependencies = (
			);
			name = iceSheets;
			productName = iceSheets;
			productReference = 467F93B41AA263D300344F15 /* iceSheets.app */;
			productType = "com.apple.product-type.application";
		};
		467F93CC1AA263D300344F15 /* iceSheetsTests */ = {
			isa = PBXNativeTarget;
			buildConfigurationList = 467F93DA1AA263D300344F15 /* Build configuration list for PBXNativeTarget "iceSheetsTests" */;
			buildPhases = (
				467F93C91AA263D300344F15 /* Sources */,
				467F93CA1AA263D300344F15 /* Frameworks */,
				467F93CB1AA263D300344F15 /* Resources */,
			);
			buildRules = (
			);
			dependencies = (
				467F93CF1AA263D300344F15 /* PBXTargetDependency */,
			);
			name = iceSheetsTests;
			productName = iceSheetsTests;
			productReference = 467F93CD1AA263D300344F15 /* iceSheetsTests.xctest */;
			productType = "com.apple.product-type.bundle.unit-test";
		};
/* End PBXNativeTarget section */

/* Begin PBXProject section */
		467F93AC1AA263D300344F15 /* Project object */ = {
			isa = PBXProject;
			attributes = {
				LastUpgradeCheck = 0610;
				ORGANIZATIONNAME = "Doug Proctor";
				TargetAttributes = {
					467F93B31AA263D300344F15 = {
						CreatedOnToolsVersion = 6.1.1;
					};
					467F93CC1AA263D300344F15 = {
						CreatedOnToolsVersion = 6.1.1;
						TestTargetID = 467F93B31AA263D300344F15;
					};
				};
			};
			buildConfigurationList = 467F93AF1AA263D300344F15 /* Build configuration list for PBXProject "iceSheets" */;
			compatibilityVersion = "Xcode 3.2";
			developmentRegion = English;
			hasScannedForEncodings = 0;
			knownRegions = (
				en,
				Base,
			);
			mainGroup = 467F93AB1AA263D300344F15;
			productRefGroup = 467F93B51AA263D300344F15 /* Products */;
			projectDirPath = "";
			projectRoot = "";
			targets = (
				467F93B31AA263D300344F15 /* iceSheets */,
				467F93CC1AA263D300344F15 /* iceSheetsTests */,
			);
		};
/* End PBXProject section */

/* Begin PBXResourcesBuildPhase section */
		467F93B21AA263D300344F15 /* Resources */ = {
			isa = PBXResourcesBuildPhase;
			buildActionMask = 2147483647;
			files = (
				467F93C31AA263D300344F15 /* Main.storyboard in Resources */,
				467F93C81AA263D300344F15 /* LaunchScreen.xib in Resources */,
				467F93C51AA263D300344F15 /* Images.xcassets in Resources */,
			);
			runOnlyForDeploymentPostprocessing = 0;
		};
		467F93CB1AA263D300344F15 /* Resources */ = {
			isa = PBXResourcesBuildPhase;
			buildActionMask = 2147483647;
			files = (
			);
			runOnlyForDeploymentPostprocessing = 0;
		};
/* End PBXResourcesBuildPhase section */

/* Begin PBXSourcesBuildPhase section */
		467F93B01AA263D300344F15 /* Sources */ = {
			isa = PBXSourcesBuildPhase;
			buildActionMask = 2147483647;
			files = (
				467F93C01AA263D300344F15 /* ViewController.m in Sources */,
				467F93BD1AA263D300344F15 /* AppDelegate.m in Sources */,
				467F93BA1AA263D300344F15 /* main.m in Sources */,
			);
			runOnlyForDeploymentPostprocessing = 0;
		};
		467F93C91AA263D300344F15 /* Sources */ = {
			isa = PBXSourcesBuildPhase;
			buildActionMask = 2147483647;
			files = (
				467F93D41AA263D300344F15 /* iceSheetsTests.m in Sources */,
			);
			runOnlyForDeploymentPostprocessing = 0;
		};
/* End PBXSourcesBuildPhase section */

/* Begin PBXTargetDependency section */
		467F93CF1AA263D300344F15 /* PBXTargetDependency */ = {
			isa = PBXTargetDependency;
			target = 467F93B31AA263D300344F15 /* iceSheets */;
			targetProxy = 467F93CE1AA263D300344F15 /* PBXContainerItemProxy */;
		};
/* End PBXTargetDependency section */

/* Begin PBXVariantGroup section */
		467F93C11AA263D300344F15 /* Main.storyboard */ = {
			isa = PBXVariantGroup;
			children = (
				467F93C21AA263D300344F15 /* Base */,
			);
			name = Main.storyboard;
			sourceTree = "<group>";
		};
		467F93C61AA263D300344F15 /* LaunchScreen.xib */ = {
			isa = PBXVariantGroup;
			children = (
				467F93C71AA263D300344F15 /* Base */,
			);
			name = LaunchScreen.xib;
			sourceTree = "<group>";
		};
/* End PBXVariantGroup section */

/* Begin XCBuildConfiguration section */
		467F93D51AA263D300344F15 /* Debug */ = {
			isa = XCBuildConfiguration;
			buildSettings = {
				ALWAYS_SEARCH_USER_PATHS = NO;
				CLANG_CXX_LANGUAGE_STANDARD = "gnu++0x";
				CLANG_CXX_LIBRARY = "libc++";
				CLANG_ENABLE_MODULES = YES;
				CLANG_ENABLE_OBJC_ARC = YES;
				CLANG_WARN_BOOL_CONVERSION = YES;
				CLANG_WARN_CONSTANT_CONVERSION = YES;
				CLANG_WARN_DIRECT_OBJC_ISA_USAGE = YES_ERROR;
				CLANG_WARN_EMPTY_BODY = YES;
				CLANG_WARN_ENUM_CONVERSION = YES;
				CLANG_WARN_INT_CONVERSION = YES;
				CLANG_WARN_OBJC_ROOT_CLASS = YES_ERROR;
				CLANG_WARN_UNREACHABLE_CODE = YES;
				CLANG_WARN__DUPLICATE_METHOD_MATCH = YES;
				"CODE_SIGN_IDENTITY[sdk=iphoneos*]" = "iPhone Developer";
				COPY_PHASE_STRIP = NO;
				ENABLE_STRICT_OBJC_MSGSEND = YES;
				GCC_C_LANGUAGE_STANDARD = gnu99;
				GCC_DYNAMIC_NO_PIC = NO;
				GCC_OPTIMIZATION_LEVEL = 0;
				GCC_PREPROCESSOR_DEFINITIONS = (
					"DEBUG=1",
					"$(inherited)",
				);
				GCC_SYMBOLS_PRIVATE_EXTERN = NO;
				GCC_WARN_64_TO_32_BIT_CONVERSION = YES;
				GCC_WARN_ABOUT_RETURN_TYPE = YES_ERROR;
				GCC_WARN_UNDECLARED_SELECTOR = YES;
				GCC_WARN_UNINITIALIZED_AUTOS = YES_AGGRESSIVE;
				GCC_WARN_UNUSED_FUNCTION = YES;
				GCC_WARN_UNUSED_VARIABLE = YES;
				IPHONEOS_DEPLOYMENT_TARGET = 8.1;
				MTL_ENABLE_DEBUG_INFO = YES;
				ONLY_ACTIVE_ARCH = YES;
				SDKROOT = iphoneos;
				TARGETED_DEVICE_FAMILY = "1,2";
			};
			name = Debug;
		};
		467F93D61AA263D300344F15 /* Release */ = {
			isa = XCBuildConfiguration;
			buildSettings = {
				ALWAYS_SEARCH_USER_PATHS = NO;
				CLANG_CXX_LANGUAGE_STANDARD = "gnu++0x";
				CLANG_CXX_LIBRARY = "libc++";
				CLANG_ENABLE_MODULES = YES;
				CLANG_ENABLE_OBJC_ARC = YES;
				CLANG_WARN_BOOL_CONVERSION = YES;
				CLANG_WARN_CONSTANT_CONVERSION = YES;
				CLANG_WARN_DIRECT_OBJC_ISA_USAGE = YES_ERROR;
				CLANG_WARN_EMPTY_BODY = YES;
				CLANG_WARN_ENUM_CONVERSION = YES;
				CLANG_WARN_INT_CONVERSION = YES;
				CLANG_WARN_OBJC_ROOT_CLASS = YES_ERROR;
				CLANG_WARN_UNREACHABLE_CODE = YES;
				CLANG_WARN__DUPLICATE_METHOD_MATCH = YES;
				"CODE_SIGN_IDENTITY[sdk=iphoneos*]" = "iPhone Developer";
				COPY_PHASE_STRIP = YES;
				ENABLE_NS_ASSERTIONS = NO;
				ENABLE_STRICT_OBJC_MSGSEND = YES;
				GCC_C_LANGUAGE_STANDARD = gnu99;
				GCC_WARN_64_TO_32_BIT_CONVERSION = YES;
				GCC_WARN_ABOUT_RETURN_TYPE = YES_ERROR;
				GCC_WARN_UNDECLARED_SELECTOR = YES;
				GCC_WARN_UNINITIALIZED_AUTOS = YES_AGGRESSIVE;
				GCC_WARN_UNUSED_FUNCTION = YES;
				GCC_WARN_UNUSED_VARIABLE = YES;
				IPHONEOS_DEPLOYMENT_TARGET = 8.1;
				MTL_ENABLE_DEBUG_INFO = NO;
				SDKROOT = iphoneos;
				TARGETED_DEVICE_FAMILY = "1,2";
				VALIDATE_PRODUCT = YES;
			};
			name = Release;
		};
		467F93D81AA263D300344F15 /* Debug */ = {
			isa = XCBuildConfiguration;
			buildSettings = {
				ASSETCATALOG_COMPILER_APPICON_NAME = AppIcon;
				INFOPLIST_FILE = iceSheets/Info.plist;
				LD_RUNPATH_SEARCH_PATHS = "$(inherited) @executable_path/Frameworks";
				PRODUCT_NAME = "$(TARGET_NAME)";
			};
			name = Debug;
		};
		467F93D91AA263D300344F15 /* Release */ = {
			isa = XCBuildConfiguration;
			buildSettings = {
				ASSETCATALOG_COMPILER_APPICON_NAME = AppIcon;
				INFOPLIST_FILE = iceSheets/Info.plist;
				LD_RUNPATH_SEARCH_PATHS = "$(inherited) @executable_path/Frameworks";
				PRODUCT_NAME = "$(TARGET_NAME)";
			};
			name = Release;
		};
		467F93DB1AA263D300344F15 /* Debug */ = {
			isa = XCBuildConfiguration;
			buildSettings = {
				BUNDLE_LOADER = "$(TEST_HOST)";
				FRAMEWORK_SEARCH_PATHS = (
					"$(SDKROOT)/Developer/Library/Frameworks",
					"$(inherited)",
				);
				GCC_PREPROCESSOR_DEFINITIONS = (
					"DEBUG=1",
					"$(inherited)",
				);
				INFOPLIST_FILE = iceSheetsTests/Info.plist;
				LD_RUNPATH_SEARCH_PATHS = "$(inherited) @executable_path/Frameworks @loader_path/Frameworks";
				PRODUCT_NAME = "$(TARGET_NAME)";
				TEST_HOST = "$(BUILT_PRODUCTS_DIR)/iceSheets.app/iceSheets";
			};
			name = Debug;
		};
		467F93DC1AA263D300344F15 /* Release */ = {
			isa = XCBuildConfiguration;
			buildSettings = {
				BUNDLE_LOADER = "$(TEST_HOST)";
				FRAMEWORK_SEARCH_PATHS = (
					"$(SDKROOT)/Developer/Library/Frameworks",
					"$(inherited)",
				);
				INFOPLIST_FILE = iceSheetsTests/Info.plist;
				LD_RUNPATH_SEARCH_PATHS = "$(inherited) @executable_path/Frameworks @loader_path/Frameworks";
				PRODUCT_NAME = "$(TARGET_NAME)";
				TEST_HOST = "$(BUILT_PRODUCTS_DIR)/iceSheets.app/iceSheets";
			};
			name = Release;
		};
/* End XCBuildConfiguration section */

/* Begin XCConfigurationList section */
		467F93AF1AA263D300344F15 /* Build configuration list for PBXProject "iceSheets" */ = {
			isa = XCConfigurationList;
			buildConfigurations = (
				467F93D51AA263D300344F15 /* Debug */,
				467F93D61AA263D300344F15 /* Release */,
			);
			defaultConfigurationIsVisible = 0;
			defaultConfigurationName = Release;
		};
		467F93D71AA263D300344F15 /* Build configuration list for PBXNativeTarget "iceSheets" */ = {
			isa = XCConfigurationList;
			buildConfigurations = (
				467F93D81AA263D300344F15 /* Debug */,
				467F93D91AA263D300344F15 /* Release */,
			);
			defaultConfigurationIsVisible = 0;
			defaultConfigurationName = Release;
		};
		467F93DA1AA263D300344F15 /* Build configuration list for PBXNativeTarget "iceSheetsTests" */ = {
			isa = XCConfigurationList;
			buildConfigurations = (
				467F93DB1AA263D300344F15 /* Debug */,
				467F93DC1AA263D300344F15 /* Release */,
			);
			defaultConfigurationIsVisible = 0;
			defaultConfigurationName = Release;
		};
/* End XCConfigurationList section */
	};
	rootObject = 467F93AC1AA263D300344F15 /* Project object */;
}
